{
	"name": "vue-teible",
	"version": "0.10.4",
	"lockfileVersion": 1,
	"requires": true,
	"dependencies": {
		"octicons-vue": {
			"version": "0.18.10",
			"resolved": "https://registry.npmjs.org/octicons-vue/-/octicons-vue-0.18.10.tgz",
			"integrity": "sha512-3OG8IsNBhwO74xzo0wf5Unu6/4c6LoWBPB6QwzjDcS7kL0FTOtscvVlbEfjNjSdrOra4OmjAPoyWH2NgCFE/6w==",
			"requires": {
				"octicons-modular": "^0.18.10"
			},
			"dependencies": {
				"octicons-modular": {
					"version": "0.18.10",
					"resolved": "https://registry.npmjs.org/octicons-modular/-/octicons-modular-0.18.10.tgz",
					"integrity": "sha512-kJKK4AWgxQYHGfjIAq+3BH5zW3UkVIMytQKkqYUH3OSaDCSSHkuT96pb4sdjYMnTt90b2QVdOYhpo4NK2p6HPw=="
				}
			}
		}
	}
}
