{
	"name": "vue-teible",
	"version": "0.11.6",
	"lockfileVersion": 1,
	"requires": true,
	"dependencies": {
		"octicons-vue": {
			"version": "1.0.2",
			"resolved": "https://registry.npmjs.org/octicons-vue/-/octicons-vue-1.0.2.tgz",
			"integrity": "sha512-b+Tx34P3qz2fFIdLGEpUs/IgR7FWwt60cgRJzD1eccO7ogXjXB8+KpIr+ZliPGL8xIKh667aFO1r2zcbwfyvjQ==",
			"requires": {
				"octicons-modular": "^1.0.1"
			},
			"dependencies": {
				"octicons-modular": {
					"version": "1.0.1",
					"resolved": "https://registry.npmjs.org/octicons-modular/-/octicons-modular-1.0.1.tgz",
					"integrity": "sha512-1W6iKewAm4xEhxKNj62d5dBozczj/uBPCXbcXfFIL0TRQgfDiMaM7nBTsDk+cBqf1lV0ssEUaQCQzFIckFNtRw=="
				}
			}
		}
	}
}
