{
  "name": "vue-teible",
  "version": "0.6.1",
  "lockfileVersion": 1,
  "requires": true,
  "dependencies": {
    "octicons-modular": {
      "version": "0.11.0",
      "resolved": "https://registry.npmjs.org/octicons-modular/-/octicons-modular-0.11.0.tgz",
      "integrity": "sha512-bREFrzDc5QdOqmPh4Xq/rjulrBeTFCWBqfXx1wu5xt4k3I9X0UjJn8IO1zGc4kIKwuAXisxWG37pyfh8KJZPbg=="
    },
    "octicons-vue": {
      "version": "0.11.0",
      "resolved": "https://registry.npmjs.org/octicons-vue/-/octicons-vue-0.11.0.tgz",
      "integrity": "sha512-lpUTm7TsKzn1kcJuVXhRxBXMHymyDQmixPP4ZqZlzTNfFHkMlViSJtcioz7N/kGP9F2gOdZ3NOgrfEknPzYV0Q==",
      "requires": {
        "octicons-modular": "^0.11.0"
      }
    }
  }
}
